PODS:
  - Alamofire (4.7.3)
  - Firebase/Core (5.9.0):
    - Firebase/CoreOnly
    - FirebaseAnalytics (= 5.2.0)
  - Firebase/CoreOnly (5.9.0):
    - FirebaseCore (= 5.1.4)
  - FirebaseAnalytics (5.2.0):
    - FirebaseCore (~> 5.1)
    - FirebaseInstanceID (~> 3.2)
    - GoogleAppMeasurement (~> 5.2)
    - GoogleUtilities/AppDelegateSwizzler (~> 5.2)
    - GoogleUtilities/MethodSwizzler (~> 5.2)
    - GoogleUtilities/Network (~> 5.2)
    - GoogleUtilities/NSData+zlib (~> 5.2)
    - nanopb (~> 0.3)
  - FirebaseCore (5.1.4):
    - GoogleUtilities/Logger (~> 5.2)
  - FirebaseInstanceID (3.2.2):
    - FirebaseCore (~> 5.1)
    - GoogleUtilities/Environment (~> 5.3)
    - GoogleUtilities/UserDefaults (~> 5.3)
  - GoogleAppMeasurement (5.2.0):
    - GoogleUtilities/AppDelegateSwizzler (~> 5.2)
    - GoogleUtilities/MethodSwizzler (~> 5.2)
    - GoogleUtilities/Network (~> 5.2)
    - GoogleUtilities/NSData+zlib (~> 5.2)
    - nanopb (~> 0.3)
  - GoogleUtilities/AppDelegateSwizzler (5.3.0):
    - GoogleUtilities/Environment
    - GoogleUtilities/Logger
    - GoogleUtilities/Network
  - GoogleUtilities/Environment (5.3.0)
  - GoogleUtilities/Logger (5.3.0):
    - GoogleUtilities/Environment
  - GoogleUtilities/MethodSwizzler (5.3.0):
    - GoogleUtilities/Logger
  - GoogleUtilities/Network (5.3.0):
    - GoogleUtilities/Logger
    - GoogleUtilities/NSData+zlib
    - GoogleUtilities/Reachability
  - GoogleUtilities/NSData+zlib (5.3.0)
  - GoogleUtilities/Reachability (5.3.0):
    - GoogleUtilities/Logger
  - GoogleUtilities/UserDefaults (5.3.0):
    - GoogleUtilities/Logger
  - lottie-ios (2.5.0)
  - nanopb (0.3.8):
    - nanopb/decode (= 0.3.8)
    - nanopb/encode (= 0.3.8)
  - nanopb/decode (0.3.8)
  - nanopb/encode (0.3.8)
  - Pastel (0.5.1)
  - SwiftSoup (1.7.4)
  - SwiftyJSON (4.1.0)
  - TKSwitcherCollection (1.4.2)
  - Toaster (2.1.1)
  - TransitionButton (0.5.1)
  - ViewAnimator (2.2.0)

DEPENDENCIES:
  - Alamofire (~> 4.7)
  - Firebase/Core
  - lottie-ios
  - Pastel
  - SwiftSoup
  - SwiftyJSON (~> 4.0)
  - TKSwitcherCollection
  - Toaster
  - TransitionButton
  - ViewAnimator

SPEC CHECKSUMS:
  Alamofire: c7287b6e5d7da964a70935e5db17046b7fde6568
  Firebase: 383fa29aca93e371cab776b48a5c66544d3c2003
  FirebaseAnalytics: 831f1f127f4a75698e9875a87bf7e2668730d953
  FirebaseCore: 2a84b6b325792a4319ef71ee18819dcba08d2fd7
  FirebaseInstanceID: 78ba376fcd5b94c001f9999b2cbd3d1f1e56e78d
  GoogleAppMeasurement: 2b3a023a61239c8d002e6e4fcf4abce8eddce0e0
  GoogleUtilities: 760ccb53b7c7f40f9c02d8c241f76f841a7a6162
  lottie-ios: d699fdee68d7b63e721d949388b015fef1aaa4ac
  nanopb: 5601e6bca2dbf1ed831b519092ec110f66982ca3
  Pastel: b3dd5b8d612dac06ae7c63c97c45c900829bc139
  SwiftSoup: 92f5b348c131aed8af04f4326db1579ab19fa08c
  SwiftyJSON: c29297daf073d2aa016295d5809cdd68045c39b3
  TKSwitcherCollection: c0a51de35317a9de292e80b85fa275299607da6b
  Toaster: a6c9532de1ded8105e77376f7dffeb2e12b46dbb
  TransitionButton: 20f92b3cc726b047e4df200fdab5307f33395a81
  ViewAnimator: a849844cc3698620e1a562b510ed0c28aeafcdc5

PODFILE CHECKSUM: 4328edadbfd39d8700f66134eb60f90c70b9e7e5

COCOAPODS: 1.4.0
